
Microsoft Visual Studio Solution File, Format Version 9.00
# Visual Studio 2005
Project("{FAE04EC0-301F-11D3-BF4B-00C04F79EFBC}") = "ACEGenerator", "ACEGenerator.csproj", "{E0937970-C45F-4515-87CC-EF8313D0498A}"
EndProject
Global
	GlobalSection(SolutionConfigurationPlatforms) = preSolution
		Debug|Any CPU = Debug|Any CPU
		Release|Any CPU = Release|Any CPU
	EndGlobalSection
	GlobalSection(ProjectConfigurationPlatforms) = postSolution
		{E0937970-C45F-4515-87CC-EF8313D0498A}.Debug|Any CPU.ActiveCfg = Debug|Any CPU
		{E0937970-C45F-4515-87CC-EF8313D0498A}.Debug|Any CPU.Build.0 = Debug|Any CPU
		{E0937970-C45F-4515-87CC-EF8313D0498A}.Release|Any CPU.ActiveCfg = Release|Any CPU
		{E0937970-C45F-4515-87CC-EF8313D0498A}.Release|Any CPU.Build.0 = Release|Any CPU
	EndGlobalSection
	GlobalSection(SolutionProperties) = preSolution
		HideSolutionNode = FALSE
	EndGlobalSection
EndGlobal
